
Microsoft Visual Studio Solution File, Format Version 12.00
# Visual Studio 2012
Project("{FAE04EC0-301F-11D3-BF4B-00C04F79EFBC}") = "Npruehs.GrabBag.PriorityQueues", "Npruehs.GrabBag.PriorityQueues\Npruehs.GrabBag.PriorityQueues.csproj", "{A9748629-6A1C-40F4-99AB-B3A7351C12B6}"
EndProject
Project("{FAE04EC0-301F-11D3-BF4B-00C04F79EFBC}") = "Npruehs.GrabBag.PriorityQueues.Tests", "Npruehs.GrabBag.PriorityQueues.Tests\Npruehs.GrabBag.PriorityQueues.Tests.csproj", "{B13A13E1-3859-4697-9334-0423E63E9A86}"
EndProject
Project("{FAE04EC0-301F-11D3-BF4B-00C04F79EFBC}") = "Npruehs.GrabBag.UnionFind", "Npruehs.GrabBag.UnionFind\Npruehs.GrabBag.UnionFind.csproj", "{26D13845-CC69-4B4F-B3CF-90A9A25DBD16}"
EndProject
Project("{FAE04EC0-301F-11D3-BF4B-00C04F79EFBC}") = "Npruehs.GrabBag.UnionFind.Tests", "Npruehs.GrabBag.UnionFind.Tests\Npruehs.GrabBag.UnionFind.Tests.csproj", "{0BE396E6-8303-40D1-8AF4-B0E3457F8AD5}"
EndProject
Project("{FAE04EC0-301F-11D3-BF4B-00C04F79EFBC}") = "Npruehs.GrabBag.Math", "Npruehs.GrabBag.Math\Npruehs.GrabBag.Math.csproj", "{D69F49B8-FD67-4EF8-87C9-0584DEA48799}"
EndProject
Project("{FAE04EC0-301F-11D3-BF4B-00C04F79EFBC}") = "Npruehs.GrabBag.Packing", "Npruehs.GrabBag.Packing\Npruehs.GrabBag.Packing.csproj", "{DDE173C6-6EB7-46F2-8641-46C1CD971E09}"
EndProject
Project("{FAE04EC0-301F-11D3-BF4B-00C04F79EFBC}") = "Npruehs.GrabBag.Packing.Tests", "Npruehs.GrabBag.Packing.Tests\Npruehs.GrabBag.Packing.Tests.csproj", "{AF1EC0DF-1966-4268-A339-6D249844670B}"
EndProject
Project("{FAE04EC0-301F-11D3-BF4B-00C04F79EFBC}") = "Npruehs.GrabBag.Graphs", "Npruehs.GrabBag.Graphs\Npruehs.GrabBag.Graphs.csproj", "{07576656-1D67-4C27-9887-8B55FFEB6623}"
EndProject
Project("{FAE04EC0-301F-11D3-BF4B-00C04F79EFBC}") = "Npruehs.GrabBag.Graphs.Tests", "Npruehs.GrabBag.Graphs.Tests\Npruehs.GrabBag.Graphs.Tests.csproj", "{67206230-92EF-4CFD-99DC-EE6FAAF48E3A}"
EndProject
Project("{FAE04EC0-301F-11D3-BF4B-00C04F79EFBC}") = "Npruehs.GrabBag.MinimumSpanningTrees", "Npruehs.GrabBag.MinimumSpanningTrees\Npruehs.GrabBag.MinimumSpanningTrees.csproj", "{B06EDB0B-22F3-417D-91DD-C8D09F68D758}"
EndProject
Project("{FAE04EC0-301F-11D3-BF4B-00C04F79EFBC}") = "Npruehs.GrabBag.MinimumSpanningTrees.Tests", "Npruehs.GrabBag.MinimumSpanningTrees.Tests\Npruehs.GrabBag.MinimumSpanningTrees.Tests.csproj", "{BF74B976-2394-46FC-A004-3CAF2470D274}"
EndProject
Project("{FAE04EC0-301F-11D3-BF4B-00C04F79EFBC}") = "Npruehs.GrabBag.Util", "Npruehs.GrabBag.Util\Npruehs.GrabBag.Util.csproj", "{E54A60D6-88B5-4D35-96BE-2AEA4DB489ED}"
EndProject
Project("{FAE04EC0-301F-11D3-BF4B-00C04F79EFBC}") = "Npruehs.GrabBag.RapidlyExploringRandomTrees", "Npruehs.GrabBag.RapidlyExploringRandomTrees\Npruehs.GrabBag.RapidlyExploringRandomTrees.csproj", "{71F06770-D3D0-4AEA-B080-174AE6666204}"
EndProject
Project("{FAE04EC0-301F-11D3-BF4B-00C04F79EFBC}") = "Npruehs.GrabBag", "Npruehs.GrabBag\Npruehs.GrabBag.csproj", "{CBFEF2A5-6100-4E44-BF4F-0F13DF051B26}"
EndProject
Project("{7CF6DF6D-3B04-46F8-A40B-537D21BCA0B4}") = "Npruehs.GrabBag.Documentation", "Npruehs.GrabBag.Documentation\Npruehs.GrabBag.Documentation.shfbproj", "{A8353749-00BB-4342-A2E6-2CE087F8BC20}"
EndProject
Global
	GlobalSection(SolutionConfigurationPlatforms) = preSolution
		Debug|Any CPU = Debug|Any CPU
		Release|Any CPU = Release|Any CPU
	EndGlobalSection
	GlobalSection(ProjectConfigurationPlatforms) = postSolution
		{A9748629-6A1C-40F4-99AB-B3A7351C12B6}.Debug|Any CPU.ActiveCfg = Debug|Any CPU
		{A9748629-6A1C-40F4-99AB-B3A7351C12B6}.Debug|Any CPU.Build.0 = Debug|Any CPU
		{A9748629-6A1C-40F4-99AB-B3A7351C12B6}.Release|Any CPU.ActiveCfg = Release|Any CPU
		{A9748629-6A1C-40F4-99AB-B3A7351C12B6}.Release|Any CPU.Build.0 = Release|Any CPU
		{B13A13E1-3859-4697-9334-0423E63E9A86}.Debug|Any CPU.ActiveCfg = Debug|Any CPU
		{B13A13E1-3859-4697-9334-0423E63E9A86}.Debug|Any CPU.Build.0 = Debug|Any CPU
		{B13A13E1-3859-4697-9334-0423E63E9A86}.Release|Any CPU.ActiveCfg = Release|Any CPU
		{B13A13E1-3859-4697-9334-0423E63E9A86}.Release|Any CPU.Build.0 = Release|Any CPU
		{26D13845-CC69-4B4F-B3CF-90A9A25DBD16}.Debug|Any CPU.ActiveCfg = Debug|Any CPU
		{26D13845-CC69-4B4F-B3CF-90A9A25DBD16}.Debug|Any CPU.Build.0 = Debug|Any CPU
		{26D13845-CC69-4B4F-B3CF-90A9A25DBD16}.Release|Any CPU.ActiveCfg = Release|Any CPU
		{26D13845-CC69-4B4F-B3CF-90A9A25DBD16}.Release|Any CPU.Build.0 = Release|Any CPU
		{0BE396E6-8303-40D1-8AF4-B0E3457F8AD5}.Debug|Any CPU.ActiveCfg = Debug|Any CPU
		{0BE396E6-8303-40D1-8AF4-B0E3457F8AD5}.Debug|Any CPU.Build.0 = Debug|Any CPU
		{0BE396E6-8303-40D1-8AF4-B0E3457F8AD5}.Release|Any CPU.ActiveCfg = Release|Any CPU
		{0BE396E6-8303-40D1-8AF4-B0E3457F8AD5}.Release|Any CPU.Build.0 = Release|Any CPU
		{D69F49B8-FD67-4EF8-87C9-0584DEA48799}.Debug|Any CPU.ActiveCfg = Debug|Any CPU
		{D69F49B8-FD67-4EF8-87C9-0584DEA48799}.Debug|Any CPU.Build.0 = Debug|Any CPU
		{D69F49B8-FD67-4EF8-87C9-0584DEA48799}.Release|Any CPU.ActiveCfg = Release|Any CPU
		{D69F49B8-FD67-4EF8-87C9-0584DEA48799}.Release|Any CPU.Build.0 = Release|Any CPU
		{DDE173C6-6EB7-46F2-8641-46C1CD971E09}.Debug|Any CPU.ActiveCfg = Debug|Any CPU
		{DDE173C6-6EB7-46F2-8641-46C1CD971E09}.Debug|Any CPU.Build.0 = Debug|Any CPU
		{DDE173C6-6EB7-46F2-8641-46C1CD971E09}.Release|Any CPU.ActiveCfg = Release|Any CPU
		{DDE173C6-6EB7-46F2-8641-46C1CD971E09}.Release|Any CPU.Build.0 = Release|Any CPU
		{AF1EC0DF-1966-4268-A339-6D249844670B}.Debug|Any CPU.ActiveCfg = Debug|Any CPU
		{AF1EC0DF-1966-4268-A339-6D249844670B}.Debug|Any CPU.Build.0 = Debug|Any CPU
		{AF1EC0DF-1966-4268-A339-6D249844670B}.Release|Any CPU.ActiveCfg = Release|Any CPU
		{AF1EC0DF-1966-4268-A339-6D249844670B}.Release|Any CPU.Build.0 = Release|Any CPU
		{07576656-1D67-4C27-9887-8B55FFEB6623}.Debug|Any CPU.ActiveCfg = Debug|Any CPU
		{07576656-1D67-4C27-9887-8B55FFEB6623}.Debug|Any CPU.Build.0 = Debug|Any CPU
		{07576656-1D67-4C27-9887-8B55FFEB6623}.Release|Any CPU.ActiveCfg = Release|Any CPU
		{07576656-1D67-4C27-9887-8B55FFEB6623}.Release|Any CPU.Build.0 = Release|Any CPU
		{67206230-92EF-4CFD-99DC-EE6FAAF48E3A}.Debug|Any CPU.ActiveCfg = Debug|Any CPU
		{67206230-92EF-4CFD-99DC-EE6FAAF48E3A}.Debug|Any CPU.Build.0 = Debug|Any CPU
		{67206230-92EF-4CFD-99DC-EE6FAAF48E3A}.Release|Any CPU.ActiveCfg = Release|Any CPU
		{67206230-92EF-4CFD-99DC-EE6FAAF48E3A}.Release|Any CPU.Build.0 = Release|Any CPU
		{B06EDB0B-22F3-417D-91DD-C8D09F68D758}.Debug|Any CPU.ActiveCfg = Debug|Any CPU
		{B06EDB0B-22F3-417D-91DD-C8D09F68D758}.Debug|Any CPU.Build.0 = Debug|Any CPU
		{B06EDB0B-22F3-417D-91DD-C8D09F68D758}.Release|Any CPU.ActiveCfg = Release|Any CPU
		{B06EDB0B-22F3-417D-91DD-C8D09F68D758}.Release|Any CPU.Build.0 = Release|Any CPU
		{BF74B976-2394-46FC-A004-3CAF2470D274}.Debug|Any CPU.ActiveCfg = Debug|Any CPU
		{BF74B976-2394-46FC-A004-3CAF2470D274}.Debug|Any CPU.Build.0 = Debug|Any CPU
		{BF74B976-2394-46FC-A004-3CAF2470D274}.Release|Any CPU.ActiveCfg = Release|Any CPU
		{BF74B976-2394-46FC-A004-3CAF2470D274}.Release|Any CPU.Build.0 = Release|Any CPU
		{E54A60D6-88B5-4D35-96BE-2AEA4DB489ED}.Debug|Any CPU.ActiveCfg = Debug|Any CPU
		{E54A60D6-88B5-4D35-96BE-2AEA4DB489ED}.Debug|Any CPU.Build.0 = Debug|Any CPU
		{E54A60D6-88B5-4D35-96BE-2AEA4DB489ED}.Release|Any CPU.ActiveCfg = Release|Any CPU
		{E54A60D6-88B5-4D35-96BE-2AEA4DB489ED}.Release|Any CPU.Build.0 = Release|Any CPU
		{71F06770-D3D0-4AEA-B080-174AE6666204}.Debug|Any CPU.ActiveCfg = Debug|Any CPU
		{71F06770-D3D0-4AEA-B080-174AE6666204}.Debug|Any CPU.Build.0 = Debug|Any CPU
		{71F06770-D3D0-4AEA-B080-174AE6666204}.Release|Any CPU.ActiveCfg = Release|Any CPU
		{71F06770-D3D0-4AEA-B080-174AE6666204}.Release|Any CPU.Build.0 = Release|Any CPU
		{CBFEF2A5-6100-4E44-BF4F-0F13DF051B26}.Debug|Any CPU.ActiveCfg = Debug|Any CPU
		{CBFEF2A5-6100-4E44-BF4F-0F13DF051B26}.Debug|Any CPU.Build.0 = Debug|Any CPU
		{CBFEF2A5-6100-4E44-BF4F-0F13DF051B26}.Release|Any CPU.ActiveCfg = Release|Any CPU
		{CBFEF2A5-6100-4E44-BF4F-0F13DF051B26}.Release|Any CPU.Build.0 = Release|Any CPU
		{A8353749-00BB-4342-A2E6-2CE087F8BC20}.Debug|Any CPU.ActiveCfg = Debug|Any CPU
		{A8353749-00BB-4342-A2E6-2CE087F8BC20}.Debug|Any CPU.Build.0 = Debug|Any CPU
		{A8353749-00BB-4342-A2E6-2CE087F8BC20}.Release|Any CPU.ActiveCfg = Release|Any CPU
		{A8353749-00BB-4342-A2E6-2CE087F8BC20}.Release|Any CPU.Build.0 = Release|Any CPU
	EndGlobalSection
	GlobalSection(SolutionProperties) = preSolution
		HideSolutionNode = FALSE
	EndGlobalSection
EndGlobal
